
Microsoft Visual Studio Solution File, Format Version 12.00
# Visual Studio Version 17
VisualStudioVersion = 17.14.36915.13 d17.14
MinimumVisualStudioVersion = 10.0.40219.1
Project("{FAE04EC0-301F-11D3-BF4B-00C04F79EFBC}") = "libCuentaBanc", "libCuentaBanc\libCuentaBanc.csproj", "{9501A87F-36B1-4A3A-AB14-4FAA48399409}"
EndProject
Global
	GlobalSection(SolutionConfigurationPlatforms) = preSolution
		Debug|Any CPU = Debug|Any CPU
		Release|Any CPU = Release|Any CPU
	EndGlobalSection
	GlobalSection(ProjectConfigurationPlatforms) = postSolution
		{9501A87F-36B1-4A3A-AB14-4FAA48399409}.Debug|Any CPU.ActiveCfg = Debug|Any CPU
		{9501A87F-36B1-4A3A-AB14-4FAA48399409}.Debug|Any CPU.Build.0 = Debug|Any CPU
		{9501A87F-36B1-4A3A-AB14-4FAA48399409}.Release|Any CPU.ActiveCfg = Release|Any CPU
		{9501A87F-36B1-4A3A-AB14-4FAA48399409}.Release|Any CPU.Build.0 = Release|Any CPU
	EndGlobalSection
	GlobalSection(SolutionProperties) = preSolution
		HideSolutionNode = FALSE
	EndGlobalSection
	GlobalSection(ExtensibilityGlobals) = postSolution
		SolutionGuid = {F6B4BE7A-0DE1-4320-ABAC-D89A068AFDFD}
	EndGlobalSection
EndGlobal
